
Microsoft Visual Studio Solution File, Format Version 12.00
# Visual Studio 15
VisualStudioVersion = 15.0.27703.2047
MinimumVisualStudioVersion = 10.0.40219.1
Project("{F184B08F-C81C-45F6-A57F-5ABD9991F28F}") = "課題4-2-2", "課題4-2-2\課題4-2-2.vbproj", "{A70D0DFB-BB26-4C4F-82C5-95AE1F45D6F7}"
EndProject
Global
	GlobalSection(SolutionConfigurationPlatforms) = preSolution
		Debug|Any CPU = Debug|Any CPU
		Release|Any CPU = Release|Any CPU
	EndGlobalSection
	GlobalSection(ProjectConfigurationPlatforms) = postSolution
		{A70D0DFB-BB26-4C4F-82C5-95AE1F45D6F7}.Debug|Any CPU.ActiveCfg = Debug|Any CPU
		{A70D0DFB-BB26-4C4F-82C5-95AE1F45D6F7}.Debug|Any CPU.Build.0 = Debug|Any CPU
		{A70D0DFB-BB26-4C4F-82C5-95AE1F45D6F7}.Release|Any CPU.ActiveCfg = Release|Any CPU
		{A70D0DFB-BB26-4C4F-82C5-95AE1F45D6F7}.Release|Any CPU.Build.0 = Release|Any CPU
	EndGlobalSection
	GlobalSection(SolutionProperties) = preSolution
		HideSolutionNode = FALSE
	EndGlobalSection
	GlobalSection(ExtensibilityGlobals) = postSolution
		SolutionGuid = {5AD9873D-363D-4C54-88ED-A0AF0AA5D8B3}
	EndGlobalSection
EndGlobal
