
Microsoft Visual Studio Solution File, Format Version 12.00
# Visual Studio 15
VisualStudioVersion = 15.0.27703.2047
MinimumVisualStudioVersion = 10.0.40219.1
Project("{F184B08F-C81C-45F6-A57F-5ABD9991F28F}") = "例題6-3", "例題6-3\例題6-3.vbproj", "{2BF0FA51-B781-4F52-B115-CE9EACE36F33}"
EndProject
Global
	GlobalSection(SolutionConfigurationPlatforms) = preSolution
		Debug|Any CPU = Debug|Any CPU
		Release|Any CPU = Release|Any CPU
	EndGlobalSection
	GlobalSection(ProjectConfigurationPlatforms) = postSolution
		{2BF0FA51-B781-4F52-B115-CE9EACE36F33}.Debug|Any CPU.ActiveCfg = Debug|Any CPU
		{2BF0FA51-B781-4F52-B115-CE9EACE36F33}.Debug|Any CPU.Build.0 = Debug|Any CPU
		{2BF0FA51-B781-4F52-B115-CE9EACE36F33}.Release|Any CPU.ActiveCfg = Release|Any CPU
		{2BF0FA51-B781-4F52-B115-CE9EACE36F33}.Release|Any CPU.Build.0 = Release|Any CPU
	EndGlobalSection
	GlobalSection(SolutionProperties) = preSolution
		HideSolutionNode = FALSE
	EndGlobalSection
	GlobalSection(ExtensibilityGlobals) = postSolution
		SolutionGuid = {DDE8232E-D46D-4B04-B430-456179F793FC}
	EndGlobalSection
EndGlobal
