
Microsoft Visual Studio Solution File, Format Version 12.00
# Visual Studio 15
VisualStudioVersion = 15.0.27703.2047
MinimumVisualStudioVersion = 10.0.40219.1
Project("{F184B08F-C81C-45F6-A57F-5ABD9991F28F}") = "課題11-2", "課題11-2\課題11-2.vbproj", "{8091C2D0-580E-4509-86D6-3E6D79B20DDA}"
EndProject
Global
	GlobalSection(SolutionConfigurationPlatforms) = preSolution
		Debug|Any CPU = Debug|Any CPU
		Release|Any CPU = Release|Any CPU
	EndGlobalSection
	GlobalSection(ProjectConfigurationPlatforms) = postSolution
		{8091C2D0-580E-4509-86D6-3E6D79B20DDA}.Debug|Any CPU.ActiveCfg = Debug|Any CPU
		{8091C2D0-580E-4509-86D6-3E6D79B20DDA}.Debug|Any CPU.Build.0 = Debug|Any CPU
		{8091C2D0-580E-4509-86D6-3E6D79B20DDA}.Release|Any CPU.ActiveCfg = Release|Any CPU
		{8091C2D0-580E-4509-86D6-3E6D79B20DDA}.Release|Any CPU.Build.0 = Release|Any CPU
	EndGlobalSection
	GlobalSection(SolutionProperties) = preSolution
		HideSolutionNode = FALSE
	EndGlobalSection
	GlobalSection(ExtensibilityGlobals) = postSolution
		SolutionGuid = {DF4426AD-4C4B-47DA-9CB9-CA4705AD9FB3}
	EndGlobalSection
EndGlobal
