
Microsoft Visual Studio Solution File, Format Version 12.00
# Visual Studio 15
VisualStudioVersion = 15.0.27703.2047
MinimumVisualStudioVersion = 10.0.40219.1
Project("{F184B08F-C81C-45F6-A57F-5ABD9991F28F}") = "演習問題(4)3", "演習問題(4)3\演習問題(4)3.vbproj", "{F45935C0-E9D0-4AE8-8D67-25C5189242D6}"
EndProject
Global
	GlobalSection(SolutionConfigurationPlatforms) = preSolution
		Debug|Any CPU = Debug|Any CPU
		Release|Any CPU = Release|Any CPU
	EndGlobalSection
	GlobalSection(ProjectConfigurationPlatforms) = postSolution
		{F45935C0-E9D0-4AE8-8D67-25C5189242D6}.Debug|Any CPU.ActiveCfg = Debug|Any CPU
		{F45935C0-E9D0-4AE8-8D67-25C5189242D6}.Debug|Any CPU.Build.0 = Debug|Any CPU
		{F45935C0-E9D0-4AE8-8D67-25C5189242D6}.Release|Any CPU.ActiveCfg = Release|Any CPU
		{F45935C0-E9D0-4AE8-8D67-25C5189242D6}.Release|Any CPU.Build.0 = Release|Any CPU
	EndGlobalSection
	GlobalSection(SolutionProperties) = preSolution
		HideSolutionNode = FALSE
	EndGlobalSection
	GlobalSection(ExtensibilityGlobals) = postSolution
		SolutionGuid = {0A7EC27A-3D29-4C26-A60B-0558101FBB60}
	EndGlobalSection
EndGlobal
