
Microsoft Visual Studio Solution File, Format Version 12.00
# Visual Studio 15
VisualStudioVersion = 15.0.27703.2047
MinimumVisualStudioVersion = 10.0.40219.1
Project("{F184B08F-C81C-45F6-A57F-5ABD9991F28F}") = "拡張課題8-2", "拡張課題8-2\拡張課題8-2.vbproj", "{1BC7894A-53E0-41FE-A01A-BA6CCB867B48}"
EndProject
Global
	GlobalSection(SolutionConfigurationPlatforms) = preSolution
		Debug|Any CPU = Debug|Any CPU
		Release|Any CPU = Release|Any CPU
	EndGlobalSection
	GlobalSection(ProjectConfigurationPlatforms) = postSolution
		{1BC7894A-53E0-41FE-A01A-BA6CCB867B48}.Debug|Any CPU.ActiveCfg = Debug|Any CPU
		{1BC7894A-53E0-41FE-A01A-BA6CCB867B48}.Debug|Any CPU.Build.0 = Debug|Any CPU
		{1BC7894A-53E0-41FE-A01A-BA6CCB867B48}.Release|Any CPU.ActiveCfg = Release|Any CPU
		{1BC7894A-53E0-41FE-A01A-BA6CCB867B48}.Release|Any CPU.Build.0 = Release|Any CPU
	EndGlobalSection
	GlobalSection(SolutionProperties) = preSolution
		HideSolutionNode = FALSE
	EndGlobalSection
	GlobalSection(ExtensibilityGlobals) = postSolution
		SolutionGuid = {309644AC-65C3-436A-B973-8436B7798C63}
	EndGlobalSection
EndGlobal
