
Microsoft Visual Studio Solution File, Format Version 12.00
# Visual Studio 15
VisualStudioVersion = 15.0.27703.2047
MinimumVisualStudioVersion = 10.0.40219.1
Project("{F184B08F-C81C-45F6-A57F-5ABD9991F28F}") = "課題11-4", "課題11-4\課題11-4.vbproj", "{8ABA6617-C144-4FFB-A53C-8AFFE5D4F419}"
EndProject
Global
	GlobalSection(SolutionConfigurationPlatforms) = preSolution
		Debug|Any CPU = Debug|Any CPU
		Release|Any CPU = Release|Any CPU
	EndGlobalSection
	GlobalSection(ProjectConfigurationPlatforms) = postSolution
		{8ABA6617-C144-4FFB-A53C-8AFFE5D4F419}.Debug|Any CPU.ActiveCfg = Debug|Any CPU
		{8ABA6617-C144-4FFB-A53C-8AFFE5D4F419}.Debug|Any CPU.Build.0 = Debug|Any CPU
		{8ABA6617-C144-4FFB-A53C-8AFFE5D4F419}.Release|Any CPU.ActiveCfg = Release|Any CPU
		{8ABA6617-C144-4FFB-A53C-8AFFE5D4F419}.Release|Any CPU.Build.0 = Release|Any CPU
	EndGlobalSection
	GlobalSection(SolutionProperties) = preSolution
		HideSolutionNode = FALSE
	EndGlobalSection
	GlobalSection(ExtensibilityGlobals) = postSolution
		SolutionGuid = {8C737F7C-04DA-425A-ABA0-3F79B6C9639E}
	EndGlobalSection
EndGlobal
