
Microsoft Visual Studio Solution File, Format Version 12.00
# Visual Studio 15
VisualStudioVersion = 15.0.27703.2047
MinimumVisualStudioVersion = 10.0.40219.1
Project("{F184B08F-C81C-45F6-A57F-5ABD9991F28F}") = "例題10-2", "例題10-2\例題10-2.vbproj", "{56E6A0AE-BC91-4336-ACAB-066B13F3C9C3}"
EndProject
Global
	GlobalSection(SolutionConfigurationPlatforms) = preSolution
		Debug|Any CPU = Debug|Any CPU
		Release|Any CPU = Release|Any CPU
	EndGlobalSection
	GlobalSection(ProjectConfigurationPlatforms) = postSolution
		{56E6A0AE-BC91-4336-ACAB-066B13F3C9C3}.Debug|Any CPU.ActiveCfg = Debug|Any CPU
		{56E6A0AE-BC91-4336-ACAB-066B13F3C9C3}.Debug|Any CPU.Build.0 = Debug|Any CPU
		{56E6A0AE-BC91-4336-ACAB-066B13F3C9C3}.Release|Any CPU.ActiveCfg = Release|Any CPU
		{56E6A0AE-BC91-4336-ACAB-066B13F3C9C3}.Release|Any CPU.Build.0 = Release|Any CPU
	EndGlobalSection
	GlobalSection(SolutionProperties) = preSolution
		HideSolutionNode = FALSE
	EndGlobalSection
	GlobalSection(ExtensibilityGlobals) = postSolution
		SolutionGuid = {BC8A25C9-4D6D-41B2-86EC-88CAFE158FE4}
	EndGlobalSection
EndGlobal
