
Microsoft Visual Studio Solution File, Format Version 12.00
# Visual Studio 15
VisualStudioVersion = 15.0.27703.2047
MinimumVisualStudioVersion = 10.0.40219.1
Project("{F184B08F-C81C-45F6-A57F-5ABD9991F28F}") = "例題3-5", "例題3-5\例題3-5.vbproj", "{D6395A44-FCB5-412F-96FA-712C4F042C61}"
EndProject
Global
	GlobalSection(SolutionConfigurationPlatforms) = preSolution
		Debug|Any CPU = Debug|Any CPU
		Release|Any CPU = Release|Any CPU
	EndGlobalSection
	GlobalSection(ProjectConfigurationPlatforms) = postSolution
		{D6395A44-FCB5-412F-96FA-712C4F042C61}.Debug|Any CPU.ActiveCfg = Debug|Any CPU
		{D6395A44-FCB5-412F-96FA-712C4F042C61}.Debug|Any CPU.Build.0 = Debug|Any CPU
		{D6395A44-FCB5-412F-96FA-712C4F042C61}.Release|Any CPU.ActiveCfg = Release|Any CPU
		{D6395A44-FCB5-412F-96FA-712C4F042C61}.Release|Any CPU.Build.0 = Release|Any CPU
	EndGlobalSection
	GlobalSection(SolutionProperties) = preSolution
		HideSolutionNode = FALSE
	EndGlobalSection
	GlobalSection(ExtensibilityGlobals) = postSolution
		SolutionGuid = {E8CB04E6-9AC7-41A8-AAB5-F39A708086E2}
	EndGlobalSection
EndGlobal
