
Microsoft Visual Studio Solution File, Format Version 12.00
# Visual Studio 15
VisualStudioVersion = 15.0.27703.2047
MinimumVisualStudioVersion = 10.0.40219.1
Project("{F184B08F-C81C-45F6-A57F-5ABD9991F28F}") = "例題6-4", "例題6-4\例題6-4.vbproj", "{0120E163-3F8E-4857-BEC6-5BC7521329C4}"
EndProject
Global
	GlobalSection(SolutionConfigurationPlatforms) = preSolution
		Debug|Any CPU = Debug|Any CPU
		Release|Any CPU = Release|Any CPU
	EndGlobalSection
	GlobalSection(ProjectConfigurationPlatforms) = postSolution
		{0120E163-3F8E-4857-BEC6-5BC7521329C4}.Debug|Any CPU.ActiveCfg = Debug|Any CPU
		{0120E163-3F8E-4857-BEC6-5BC7521329C4}.Debug|Any CPU.Build.0 = Debug|Any CPU
		{0120E163-3F8E-4857-BEC6-5BC7521329C4}.Release|Any CPU.ActiveCfg = Release|Any CPU
		{0120E163-3F8E-4857-BEC6-5BC7521329C4}.Release|Any CPU.Build.0 = Release|Any CPU
	EndGlobalSection
	GlobalSection(SolutionProperties) = preSolution
		HideSolutionNode = FALSE
	EndGlobalSection
	GlobalSection(ExtensibilityGlobals) = postSolution
		SolutionGuid = {9A0F0A45-224E-4773-9744-61152251067A}
	EndGlobalSection
EndGlobal
