
Microsoft Visual Studio Solution File, Format Version 12.00
# Visual Studio 15
VisualStudioVersion = 15.0.27703.2047
MinimumVisualStudioVersion = 10.0.40219.1
Project("{F184B08F-C81C-45F6-A57F-5ABD9991F28F}") = "例題12-1", "例題12-1\例題12-1.vbproj", "{E39CCAB7-FB05-4231-A5B9-AB4693238F95}"
EndProject
Project("{2150E333-8FDC-42A3-9474-1A3956D46DE8}") = "Solution Items", "Solution Items", "{539714DF-E732-4214-8BC2-073AC016CBCC}"
	ProjectSection(SolutionItems) = preProject
		アイコン1.ico = アイコン1.ico
	EndProjectSection
EndProject
Project("{54435603-DBB4-11D2-8724-00A0C9A8B90C}") = "Myオームの計算Installer", "Myオームの計算Installer\Myオームの計算Installer.vdproj", "{BEE6A45B-12E9-4286-B3F1-F9DA907F984F}"
EndProject
Global
	GlobalSection(SolutionConfigurationPlatforms) = preSolution
		Debug|Any CPU = Debug|Any CPU
		Release|Any CPU = Release|Any CPU
	EndGlobalSection
	GlobalSection(ProjectConfigurationPlatforms) = postSolution
		{E39CCAB7-FB05-4231-A5B9-AB4693238F95}.Debug|Any CPU.ActiveCfg = Debug|Any CPU
		{E39CCAB7-FB05-4231-A5B9-AB4693238F95}.Debug|Any CPU.Build.0 = Debug|Any CPU
		{E39CCAB7-FB05-4231-A5B9-AB4693238F95}.Release|Any CPU.ActiveCfg = Release|Any CPU
		{E39CCAB7-FB05-4231-A5B9-AB4693238F95}.Release|Any CPU.Build.0 = Release|Any CPU
		{BEE6A45B-12E9-4286-B3F1-F9DA907F984F}.Debug|Any CPU.ActiveCfg = Debug
		{BEE6A45B-12E9-4286-B3F1-F9DA907F984F}.Release|Any CPU.ActiveCfg = Release
	EndGlobalSection
	GlobalSection(SolutionProperties) = preSolution
		HideSolutionNode = FALSE
	EndGlobalSection
	GlobalSection(ExtensibilityGlobals) = postSolution
		SolutionGuid = {5B36FC6B-760A-40BB-B93F-CDA0E255036B}
	EndGlobalSection
EndGlobal
