
Microsoft Visual Studio Solution File, Format Version 12.00
# Visual Studio 15
VisualStudioVersion = 15.0.28307.572
MinimumVisualStudioVersion = 10.0.40219.1
Project("{F184B08F-C81C-45F6-A57F-5ABD9991F28F}") = "例題7-5", "例題7-5\例題7-5.vbproj", "{7A0813A9-3A1F-4495-A67B-4392926DF036}"
EndProject
Global
	GlobalSection(SolutionConfigurationPlatforms) = preSolution
		Debug|Any CPU = Debug|Any CPU
		Release|Any CPU = Release|Any CPU
	EndGlobalSection
	GlobalSection(ProjectConfigurationPlatforms) = postSolution
		{7A0813A9-3A1F-4495-A67B-4392926DF036}.Debug|Any CPU.ActiveCfg = Debug|Any CPU
		{7A0813A9-3A1F-4495-A67B-4392926DF036}.Debug|Any CPU.Build.0 = Debug|Any CPU
		{7A0813A9-3A1F-4495-A67B-4392926DF036}.Release|Any CPU.ActiveCfg = Release|Any CPU
		{7A0813A9-3A1F-4495-A67B-4392926DF036}.Release|Any CPU.Build.0 = Release|Any CPU
	EndGlobalSection
	GlobalSection(SolutionProperties) = preSolution
		HideSolutionNode = FALSE
	EndGlobalSection
	GlobalSection(ExtensibilityGlobals) = postSolution
		SolutionGuid = {4E2577DC-57DA-49A4-B00E-115B7D07AF99}
	EndGlobalSection
EndGlobal
