
Microsoft Visual Studio Solution File, Format Version 12.00
# Visual Studio 15
VisualStudioVersion = 15.0.27703.2047
MinimumVisualStudioVersion = 10.0.40219.1
Project("{F184B08F-C81C-45F6-A57F-5ABD9991F28F}") = "例題9-1", "例題9-1\例題9-1.vbproj", "{CAFE877C-435D-46CF-B98A-4C3183D37BF1}"
EndProject
Global
	GlobalSection(SolutionConfigurationPlatforms) = preSolution
		Debug|Any CPU = Debug|Any CPU
		Release|Any CPU = Release|Any CPU
	EndGlobalSection
	GlobalSection(ProjectConfigurationPlatforms) = postSolution
		{CAFE877C-435D-46CF-B98A-4C3183D37BF1}.Debug|Any CPU.ActiveCfg = Debug|Any CPU
		{CAFE877C-435D-46CF-B98A-4C3183D37BF1}.Debug|Any CPU.Build.0 = Debug|Any CPU
		{CAFE877C-435D-46CF-B98A-4C3183D37BF1}.Release|Any CPU.ActiveCfg = Release|Any CPU
		{CAFE877C-435D-46CF-B98A-4C3183D37BF1}.Release|Any CPU.Build.0 = Release|Any CPU
	EndGlobalSection
	GlobalSection(SolutionProperties) = preSolution
		HideSolutionNode = FALSE
	EndGlobalSection
	GlobalSection(ExtensibilityGlobals) = postSolution
		SolutionGuid = {E15BBBB7-9A3C-43AE-BE8D-0FE2EBCBE061}
	EndGlobalSection
EndGlobal
