
Microsoft Visual Studio Solution File, Format Version 12.00
# Visual Studio 15
VisualStudioVersion = 15.0.27703.2047
MinimumVisualStudioVersion = 10.0.40219.1
Project("{F184B08F-C81C-45F6-A57F-5ABD9991F28F}") = "総合演習1-4", "総合演習1-4\総合演習1-4.vbproj", "{D21A46EB-C81F-44F6-B90C-EEF1286DA2CA}"
EndProject
Global
	GlobalSection(SolutionConfigurationPlatforms) = preSolution
		Debug|Any CPU = Debug|Any CPU
		Release|Any CPU = Release|Any CPU
	EndGlobalSection
	GlobalSection(ProjectConfigurationPlatforms) = postSolution
		{D21A46EB-C81F-44F6-B90C-EEF1286DA2CA}.Debug|Any CPU.ActiveCfg = Debug|Any CPU
		{D21A46EB-C81F-44F6-B90C-EEF1286DA2CA}.Debug|Any CPU.Build.0 = Debug|Any CPU
		{D21A46EB-C81F-44F6-B90C-EEF1286DA2CA}.Release|Any CPU.ActiveCfg = Release|Any CPU
		{D21A46EB-C81F-44F6-B90C-EEF1286DA2CA}.Release|Any CPU.Build.0 = Release|Any CPU
	EndGlobalSection
	GlobalSection(SolutionProperties) = preSolution
		HideSolutionNode = FALSE
	EndGlobalSection
	GlobalSection(ExtensibilityGlobals) = postSolution
		SolutionGuid = {58FB56D0-6B3E-4F35-A544-F0686DEA0B6A}
	EndGlobalSection
EndGlobal
