
Microsoft Visual Studio Solution File, Format Version 12.00
# Visual Studio 15
VisualStudioVersion = 15.0.27703.2047
MinimumVisualStudioVersion = 10.0.40219.1
Project("{F184B08F-C81C-45F6-A57F-5ABD9991F28F}") = "総合演習2", "総合演習2\総合演習2.vbproj", "{0DBDFB53-DA95-4FF2-A28C-5A57ACE43E9B}"
EndProject
Global
	GlobalSection(SolutionConfigurationPlatforms) = preSolution
		Debug|Any CPU = Debug|Any CPU
		Release|Any CPU = Release|Any CPU
	EndGlobalSection
	GlobalSection(ProjectConfigurationPlatforms) = postSolution
		{0DBDFB53-DA95-4FF2-A28C-5A57ACE43E9B}.Debug|Any CPU.ActiveCfg = Debug|Any CPU
		{0DBDFB53-DA95-4FF2-A28C-5A57ACE43E9B}.Debug|Any CPU.Build.0 = Debug|Any CPU
		{0DBDFB53-DA95-4FF2-A28C-5A57ACE43E9B}.Release|Any CPU.ActiveCfg = Release|Any CPU
		{0DBDFB53-DA95-4FF2-A28C-5A57ACE43E9B}.Release|Any CPU.Build.0 = Release|Any CPU
	EndGlobalSection
	GlobalSection(SolutionProperties) = preSolution
		HideSolutionNode = FALSE
	EndGlobalSection
	GlobalSection(ExtensibilityGlobals) = postSolution
		SolutionGuid = {822B70E5-77AA-4855-BED2-D182F6442CD2}
	EndGlobalSection
EndGlobal
