
Microsoft Visual Studio Solution File, Format Version 12.00
# Visual Studio 15
VisualStudioVersion = 15.0.27703.2047
MinimumVisualStudioVersion = 10.0.40219.1
Project("{F184B08F-C81C-45F6-A57F-5ABD9991F28F}") = "課題7-1", "課題7-1\課題7-1.vbproj", "{5F93B5B5-0B00-4D76-8917-35F11B8CBB0D}"
EndProject
Global
	GlobalSection(SolutionConfigurationPlatforms) = preSolution
		Debug|Any CPU = Debug|Any CPU
		Release|Any CPU = Release|Any CPU
	EndGlobalSection
	GlobalSection(ProjectConfigurationPlatforms) = postSolution
		{5F93B5B5-0B00-4D76-8917-35F11B8CBB0D}.Debug|Any CPU.ActiveCfg = Debug|Any CPU
		{5F93B5B5-0B00-4D76-8917-35F11B8CBB0D}.Debug|Any CPU.Build.0 = Debug|Any CPU
		{5F93B5B5-0B00-4D76-8917-35F11B8CBB0D}.Release|Any CPU.ActiveCfg = Release|Any CPU
		{5F93B5B5-0B00-4D76-8917-35F11B8CBB0D}.Release|Any CPU.Build.0 = Release|Any CPU
	EndGlobalSection
	GlobalSection(SolutionProperties) = preSolution
		HideSolutionNode = FALSE
	EndGlobalSection
	GlobalSection(ExtensibilityGlobals) = postSolution
		SolutionGuid = {3328B07E-A260-48CB-872D-4C287CB60D9A}
	EndGlobalSection
EndGlobal
