
Microsoft Visual Studio Solution File, Format Version 12.00
# Visual Studio 15
VisualStudioVersion = 15.0.27703.2047
MinimumVisualStudioVersion = 10.0.40219.1
Project("{F184B08F-C81C-45F6-A57F-5ABD9991F28F}") = "演習課題3", "演習課題3\演習課題3.vbproj", "{0F17525A-898B-4B2D-B664-DF45F567451C}"
EndProject
Project("{54435603-DBB4-11D2-8724-00A0C9A8B90C}") = "Setup1", "Setup1\Setup1.vdproj", "{2CFC42BB-DA6B-4479-831F-18A551D06AAD}"
EndProject
Project("{2150E333-8FDC-42A3-9474-1A3956D46DE8}") = "Solution Items", "Solution Items", "{A634FDC8-6E57-4889-89B9-413B45D381C0}"
	ProjectSection(SolutionItems) = preProject
		アイコン1.ico = アイコン1.ico
	EndProjectSection
EndProject
Global
	GlobalSection(SolutionConfigurationPlatforms) = preSolution
		Debug|Any CPU = Debug|Any CPU
		Release|Any CPU = Release|Any CPU
	EndGlobalSection
	GlobalSection(ProjectConfigurationPlatforms) = postSolution
		{0F17525A-898B-4B2D-B664-DF45F567451C}.Debug|Any CPU.ActiveCfg = Debug|Any CPU
		{0F17525A-898B-4B2D-B664-DF45F567451C}.Debug|Any CPU.Build.0 = Debug|Any CPU
		{0F17525A-898B-4B2D-B664-DF45F567451C}.Release|Any CPU.ActiveCfg = Release|Any CPU
		{0F17525A-898B-4B2D-B664-DF45F567451C}.Release|Any CPU.Build.0 = Release|Any CPU
		{2CFC42BB-DA6B-4479-831F-18A551D06AAD}.Debug|Any CPU.ActiveCfg = Debug
		{2CFC42BB-DA6B-4479-831F-18A551D06AAD}.Release|Any CPU.ActiveCfg = Release
	EndGlobalSection
	GlobalSection(SolutionProperties) = preSolution
		HideSolutionNode = FALSE
	EndGlobalSection
	GlobalSection(ExtensibilityGlobals) = postSolution
		SolutionGuid = {F0293C29-3AF1-4FF1-9B6D-008DF04551C9}
	EndGlobalSection
EndGlobal
