
Microsoft Visual Studio Solution File, Format Version 12.00
# Visual Studio 15
VisualStudioVersion = 15.0.27703.2047
MinimumVisualStudioVersion = 10.0.40219.1
Project("{F184B08F-C81C-45F6-A57F-5ABD9991F28F}") = "例題11-1", "例題11-1\例題11-1.vbproj", "{2B34C746-6782-41A5-AB4F-05DF0A2CAA3D}"
EndProject
Global
	GlobalSection(SolutionConfigurationPlatforms) = preSolution
		Debug|Any CPU = Debug|Any CPU
		Release|Any CPU = Release|Any CPU
	EndGlobalSection
	GlobalSection(ProjectConfigurationPlatforms) = postSolution
		{2B34C746-6782-41A5-AB4F-05DF0A2CAA3D}.Debug|Any CPU.ActiveCfg = Debug|Any CPU
		{2B34C746-6782-41A5-AB4F-05DF0A2CAA3D}.Debug|Any CPU.Build.0 = Debug|Any CPU
		{2B34C746-6782-41A5-AB4F-05DF0A2CAA3D}.Release|Any CPU.ActiveCfg = Release|Any CPU
		{2B34C746-6782-41A5-AB4F-05DF0A2CAA3D}.Release|Any CPU.Build.0 = Release|Any CPU
	EndGlobalSection
	GlobalSection(SolutionProperties) = preSolution
		HideSolutionNode = FALSE
	EndGlobalSection
	GlobalSection(ExtensibilityGlobals) = postSolution
		SolutionGuid = {8BDBFE83-EB81-4B6F-87F0-FBD2711B48A4}
	EndGlobalSection
EndGlobal
