
Microsoft Visual Studio Solution File, Format Version 12.00
# Visual Studio 15
VisualStudioVersion = 15.0.27703.2047
MinimumVisualStudioVersion = 10.0.40219.1
Project("{F184B08F-C81C-45F6-A57F-5ABD9991F28F}") = "拡張課題9-3", "拡張課題9-3\拡張課題9-3.vbproj", "{B074F443-D39B-471B-B21E-289BE7DDBEC6}"
EndProject
Global
	GlobalSection(SolutionConfigurationPlatforms) = preSolution
		Debug|Any CPU = Debug|Any CPU
		Release|Any CPU = Release|Any CPU
	EndGlobalSection
	GlobalSection(ProjectConfigurationPlatforms) = postSolution
		{B074F443-D39B-471B-B21E-289BE7DDBEC6}.Debug|Any CPU.ActiveCfg = Debug|Any CPU
		{B074F443-D39B-471B-B21E-289BE7DDBEC6}.Debug|Any CPU.Build.0 = Debug|Any CPU
		{B074F443-D39B-471B-B21E-289BE7DDBEC6}.Release|Any CPU.ActiveCfg = Release|Any CPU
		{B074F443-D39B-471B-B21E-289BE7DDBEC6}.Release|Any CPU.Build.0 = Release|Any CPU
	EndGlobalSection
	GlobalSection(SolutionProperties) = preSolution
		HideSolutionNode = FALSE
	EndGlobalSection
	GlobalSection(ExtensibilityGlobals) = postSolution
		SolutionGuid = {6FF6DDD6-D797-48EF-A211-D6EF7AB8ABD3}
	EndGlobalSection
EndGlobal
