
Microsoft Visual Studio Solution File, Format Version 12.00
# Visual Studio 15
VisualStudioVersion = 15.0.27703.2047
MinimumVisualStudioVersion = 10.0.40219.1
Project("{F184B08F-C81C-45F6-A57F-5ABD9991F28F}") = "拡張課題9-2", "拡張課題9-2\拡張課題9-2.vbproj", "{5AC58576-9B74-452C-A18C-0640240D83E0}"
EndProject
Global
	GlobalSection(SolutionConfigurationPlatforms) = preSolution
		Debug|Any CPU = Debug|Any CPU
		Release|Any CPU = Release|Any CPU
	EndGlobalSection
	GlobalSection(ProjectConfigurationPlatforms) = postSolution
		{5AC58576-9B74-452C-A18C-0640240D83E0}.Debug|Any CPU.ActiveCfg = Debug|Any CPU
		{5AC58576-9B74-452C-A18C-0640240D83E0}.Debug|Any CPU.Build.0 = Debug|Any CPU
		{5AC58576-9B74-452C-A18C-0640240D83E0}.Release|Any CPU.ActiveCfg = Release|Any CPU
		{5AC58576-9B74-452C-A18C-0640240D83E0}.Release|Any CPU.Build.0 = Release|Any CPU
	EndGlobalSection
	GlobalSection(SolutionProperties) = preSolution
		HideSolutionNode = FALSE
	EndGlobalSection
	GlobalSection(ExtensibilityGlobals) = postSolution
		SolutionGuid = {F0FC108B-7156-4D6C-9D28-FC5011F86C24}
	EndGlobalSection
EndGlobal
