
Microsoft Visual Studio Solution File, Format Version 12.00
# Visual Studio 15
VisualStudioVersion = 15.0.28010.2046
MinimumVisualStudioVersion = 10.0.40219.1
Project("{F184B08F-C81C-45F6-A57F-5ABD9991F28F}") = "平方根の計算", "平方根の計算\平方根の計算.vbproj", "{49820FB8-A7A8-4B44-A28A-F094EF331834}"
EndProject
Global
	GlobalSection(SolutionConfigurationPlatforms) = preSolution
		Debug|Any CPU = Debug|Any CPU
		Release|Any CPU = Release|Any CPU
	EndGlobalSection
	GlobalSection(ProjectConfigurationPlatforms) = postSolution
		{49820FB8-A7A8-4B44-A28A-F094EF331834}.Debug|Any CPU.ActiveCfg = Debug|Any CPU
		{49820FB8-A7A8-4B44-A28A-F094EF331834}.Debug|Any CPU.Build.0 = Debug|Any CPU
		{49820FB8-A7A8-4B44-A28A-F094EF331834}.Release|Any CPU.ActiveCfg = Release|Any CPU
		{49820FB8-A7A8-4B44-A28A-F094EF331834}.Release|Any CPU.Build.0 = Release|Any CPU
	EndGlobalSection
	GlobalSection(SolutionProperties) = preSolution
		HideSolutionNode = FALSE
	EndGlobalSection
	GlobalSection(ExtensibilityGlobals) = postSolution
		SolutionGuid = {541EB987-C610-44B3-9E2A-1B4D08CAF72E}
	EndGlobalSection
EndGlobal
