
Microsoft Visual Studio Solution File, Format Version 12.00
# Visual Studio 15
VisualStudioVersion = 15.0.27703.2047
MinimumVisualStudioVersion = 10.0.40219.1
Project("{F184B08F-C81C-45F6-A57F-5ABD9991F28F}") = "奇数・偶数の判定", "奇数・偶数の判定\奇数・偶数の判定.vbproj", "{E3B24693-EEA3-499D-A4BC-D50020B1CF33}"
EndProject
Global
	GlobalSection(SolutionConfigurationPlatforms) = preSolution
		Debug|Any CPU = Debug|Any CPU
		Release|Any CPU = Release|Any CPU
	EndGlobalSection
	GlobalSection(ProjectConfigurationPlatforms) = postSolution
		{E3B24693-EEA3-499D-A4BC-D50020B1CF33}.Debug|Any CPU.ActiveCfg = Debug|Any CPU
		{E3B24693-EEA3-499D-A4BC-D50020B1CF33}.Debug|Any CPU.Build.0 = Debug|Any CPU
		{E3B24693-EEA3-499D-A4BC-D50020B1CF33}.Release|Any CPU.ActiveCfg = Release|Any CPU
		{E3B24693-EEA3-499D-A4BC-D50020B1CF33}.Release|Any CPU.Build.0 = Release|Any CPU
	EndGlobalSection
	GlobalSection(SolutionProperties) = preSolution
		HideSolutionNode = FALSE
	EndGlobalSection
	GlobalSection(ExtensibilityGlobals) = postSolution
		SolutionGuid = {A46DF9DC-22AD-4437-8F6F-7642C083EBB7}
	EndGlobalSection
EndGlobal
