
Microsoft Visual Studio Solution File, Format Version 12.00
# Visual Studio 15
VisualStudioVersion = 15.0.27703.2047
MinimumVisualStudioVersion = 10.0.40219.1
Project("{F184B08F-C81C-45F6-A57F-5ABD9991F28F}") = "例題9-3", "例題9-3\例題9-3.vbproj", "{19725D79-8EA9-4887-BA59-A4A60A4B8C17}"
EndProject
Global
	GlobalSection(SolutionConfigurationPlatforms) = preSolution
		Debug|Any CPU = Debug|Any CPU
		Release|Any CPU = Release|Any CPU
	EndGlobalSection
	GlobalSection(ProjectConfigurationPlatforms) = postSolution
		{19725D79-8EA9-4887-BA59-A4A60A4B8C17}.Debug|Any CPU.ActiveCfg = Debug|Any CPU
		{19725D79-8EA9-4887-BA59-A4A60A4B8C17}.Debug|Any CPU.Build.0 = Debug|Any CPU
		{19725D79-8EA9-4887-BA59-A4A60A4B8C17}.Release|Any CPU.ActiveCfg = Release|Any CPU
		{19725D79-8EA9-4887-BA59-A4A60A4B8C17}.Release|Any CPU.Build.0 = Release|Any CPU
	EndGlobalSection
	GlobalSection(SolutionProperties) = preSolution
		HideSolutionNode = FALSE
	EndGlobalSection
	GlobalSection(ExtensibilityGlobals) = postSolution
		SolutionGuid = {E36971E9-4900-4E73-AC83-F19CEBCA2E24}
	EndGlobalSection
EndGlobal
