
Microsoft Visual Studio Solution File, Format Version 12.00
# Visual Studio 15
VisualStudioVersion = 15.0.27703.2047
MinimumVisualStudioVersion = 10.0.40219.1
Project("{F184B08F-C81C-45F6-A57F-5ABD9991F28F}") = "例題3-4　支払金の計算", "例題3-4　支払金の計算\例題3-4　支払金の計算.vbproj", "{D0DB067D-3999-4192-A57A-6484251A48F2}"
EndProject
Global
	GlobalSection(SolutionConfigurationPlatforms) = preSolution
		Debug|Any CPU = Debug|Any CPU
		Release|Any CPU = Release|Any CPU
	EndGlobalSection
	GlobalSection(ProjectConfigurationPlatforms) = postSolution
		{D0DB067D-3999-4192-A57A-6484251A48F2}.Debug|Any CPU.ActiveCfg = Debug|Any CPU
		{D0DB067D-3999-4192-A57A-6484251A48F2}.Debug|Any CPU.Build.0 = Debug|Any CPU
		{D0DB067D-3999-4192-A57A-6484251A48F2}.Release|Any CPU.ActiveCfg = Release|Any CPU
		{D0DB067D-3999-4192-A57A-6484251A48F2}.Release|Any CPU.Build.0 = Release|Any CPU
	EndGlobalSection
	GlobalSection(SolutionProperties) = preSolution
		HideSolutionNode = FALSE
	EndGlobalSection
	GlobalSection(ExtensibilityGlobals) = postSolution
		SolutionGuid = {BC48C3AB-7946-482E-BC39-AAD71BBC214E}
	EndGlobalSection
EndGlobal
