
Microsoft Visual Studio Solution File, Format Version 12.00
# Visual Studio 15
VisualStudioVersion = 15.0.27703.2047
MinimumVisualStudioVersion = 10.0.40219.1
Project("{F184B08F-C81C-45F6-A57F-5ABD9991F28F}") = "例題6-2", "例題6-2\例題6-2.vbproj", "{6738A4AE-016A-428E-937C-E22173E2F551}"
EndProject
Global
	GlobalSection(SolutionConfigurationPlatforms) = preSolution
		Debug|Any CPU = Debug|Any CPU
		Release|Any CPU = Release|Any CPU
	EndGlobalSection
	GlobalSection(ProjectConfigurationPlatforms) = postSolution
		{6738A4AE-016A-428E-937C-E22173E2F551}.Debug|Any CPU.ActiveCfg = Debug|Any CPU
		{6738A4AE-016A-428E-937C-E22173E2F551}.Debug|Any CPU.Build.0 = Debug|Any CPU
		{6738A4AE-016A-428E-937C-E22173E2F551}.Release|Any CPU.ActiveCfg = Release|Any CPU
		{6738A4AE-016A-428E-937C-E22173E2F551}.Release|Any CPU.Build.0 = Release|Any CPU
	EndGlobalSection
	GlobalSection(SolutionProperties) = preSolution
		HideSolutionNode = FALSE
	EndGlobalSection
	GlobalSection(ExtensibilityGlobals) = postSolution
		SolutionGuid = {E8918054-0ADE-4A59-80E9-EF62685C0DD0}
	EndGlobalSection
EndGlobal
