
Microsoft Visual Studio Solution File, Format Version 12.00
# Visual Studio 15
VisualStudioVersion = 15.0.27703.2047
MinimumVisualStudioVersion = 10.0.40219.1
Project("{F184B08F-C81C-45F6-A57F-5ABD9991F28F}") = "総合演習4", "総合演習4\総合演習4.vbproj", "{5115E36C-B1E7-4827-BE21-DAC88E89C749}"
EndProject
Project("{54435603-DBB4-11D2-8724-00A0C9A8B90C}") = "Setup1", "Setup1\Setup1.vdproj", "{2190C699-3CB5-47CC-B7CD-E375794FEDFA}"
EndProject
Global
	GlobalSection(SolutionConfigurationPlatforms) = preSolution
		Debug|Any CPU = Debug|Any CPU
		Release|Any CPU = Release|Any CPU
	EndGlobalSection
	GlobalSection(ProjectConfigurationPlatforms) = postSolution
		{5115E36C-B1E7-4827-BE21-DAC88E89C749}.Debug|Any CPU.ActiveCfg = Debug|Any CPU
		{5115E36C-B1E7-4827-BE21-DAC88E89C749}.Debug|Any CPU.Build.0 = Debug|Any CPU
		{5115E36C-B1E7-4827-BE21-DAC88E89C749}.Release|Any CPU.ActiveCfg = Release|Any CPU
		{5115E36C-B1E7-4827-BE21-DAC88E89C749}.Release|Any CPU.Build.0 = Release|Any CPU
		{2190C699-3CB5-47CC-B7CD-E375794FEDFA}.Debug|Any CPU.ActiveCfg = Debug
		{2190C699-3CB5-47CC-B7CD-E375794FEDFA}.Release|Any CPU.ActiveCfg = Release
	EndGlobalSection
	GlobalSection(SolutionProperties) = preSolution
		HideSolutionNode = FALSE
	EndGlobalSection
	GlobalSection(ExtensibilityGlobals) = postSolution
		SolutionGuid = {41BBACF1-76C1-4E47-928B-18FA4E689822}
	EndGlobalSection
EndGlobal
